[aibox]
cli_version = "0.22.0"
synced_at = "2026-05-02T21:13:32.110684734+00:00"

[processkit]
source = "https://github.com/projectious-work/processkit.git"
version = "v0.25.0"
src_path = "src"
release_asset_sha256 = "042900ff81331b8d4687eaef2c8bc0c7c75f438db7b881be4c115a146f78d685"
installed_at = "2026-05-02T21:13:32.110684734+00:00"
processkit_install_hash = "1e937aa83544804c6dcde2030f40249f032d1cdb481a396ab0fb915dc59cc96e"

[runtime_home]
generated_at = "2026-05-02T07:58:53.816452345+00:00"

[runtime_home.files]
".asoundrc" = "f34609b11d315cd613cb5333b561032baec860faf4a7eccb28b5567ae72019af"
".config/cheatsheet.txt" = "c61c68960ef80967973d2860d2e23eb65bdfbac014e9af23b085fcdf1a6ee798"
".config/git/config" = "512a00e2c81ab1b9b7b8dce0777043cbdb6cd0030f0cabd4b6d99b93efc0b833"
".config/lazygit/config.yml" = "bce7a9461e92cc2eae9a5407baf57b159c87d0043d5294dfba4d35d814117e05"
".config/starship.toml" = "0a6d5939a754393096a9489459199a6493ce840a6079fceebf4a56eeadc32d85"
".config/yazi/init.lua" = "8930cac032d31c2b5632f2bcbedc4fb6932eb5291396ddca741a756b63a8c72e"
".config/yazi/keymap.toml" = "bb64fa6892df8a6b4ba99571926dfa0898691cc18089eac7d7518b92bd553882"
".config/yazi/plugins/dir-preview.yazi/main.lua" = "69aa28981fd21c7e35fd97bc7d15a94d44eb234d40755027d086c6c1ec166dc1"
".config/yazi/plugins/eps.yazi/init.lua" = "edeaadeff1411fc9749eeae43c77754fd749db74790591ba75e9286ff36e94c5"
".config/yazi/plugins/git.yazi/main.lua" = "a15bdc030cee94e1cdccb7894c98b96a40a360225c7c8383080f1770de0a3a29"
".config/yazi/plugins/git.yazi/types.lua" = "16c54022dd327c35f533534f0b6995d800965e96d76f2e610b8b2fca0e5b4549"
".config/yazi/plugins/status-git.yazi/main.lua" = "bedc0ba5bf4ea01605b1b7cb444ee3a09b0a4ba35ce99306d974d5977a4d32d2"
".config/yazi/plugins/svg.yazi/init.lua" = "ba5e7ebbb9870eda80d7be179010494cac3896b4b29fb8f1011809e217ecc278"
".config/yazi/plugins/toggle-pane.yazi/main.lua" = "86b2306f6c9d880f0a6f777bdefb451393eb6a0c88718be355ebe31495e59f1c"
".config/yazi/theme.toml" = "82d0070c9646fdcac225c912e68f6825b2854b77a7bdd86e29f1169bafff0c68"
".config/yazi/yazi.toml" = "055d833513af4ac24f0c71086294408705c2ef55d17a8cd750fdeab49ff97909"
".config/zellij/config.kdl" = "36008cc15cb601b93a15f171c14a0dd4338c631d0af890843d926c09c99c5563"
".config/zellij/layouts/ai.kdl" = "394f7fb1bb8ae1e6292bcc5db40b0002237305ef164855bfe050f8f9952f02a7"
".config/zellij/layouts/browse.kdl" = "ab51314ecd388f73c6ffd42cbed4a9f8cd45c183e74d734506b3a6cd17919c2e"
".config/zellij/layouts/cowork-swap.kdl" = "fe4c74d5275ff370779279d6523c3bb00064c8df8873b808527230f14dfd93d7"
".config/zellij/layouts/cowork.kdl" = "5c892afbd706ba9ec3eb3cbc06baa5941f8d31c21a7f310865c79dfd443962de"
".config/zellij/layouts/dev.kdl" = "59ae9b0a605c15e0453b32e9fbde7423655fca68c6e3dbd59de38671324ff19e"
".config/zellij/layouts/focus.kdl" = "c1bfd3d6cee45d5907acab423aae773b6684d6dfcca7e7f08965955bf9cad3e9"
".config/zellij/themes/nord.kdl" = "a73d59ea56c3673383353165bb4ac5e29db8597da642d0bca1da4d64c77de9fd"
".local/bin/aibox-status" = "2b930a71023e193b5faa8b16f7760f62681824c236b69fe8f8f00f2c00b549cd"
".local/bin/pdf-watch" = "b6becd1df4a32ff27f5c93e514e6d31e5743f9282f40ce7290b8432207d85934"
".vim/vimrc" = "3e40d0bd0cdf4807c0bf4790e089791fed7ec92707b526d79d1d50548b65fb7f"
