[aibox]
cli_version = "0.25.2"
synced_at = "2026-05-05T16:03:00.906059349+00:00"

[processkit]
source = "https://github.com/projectious-work/processkit.git"
version = "v0.25.8"
src_path = "src"
release_asset_sha256 = "0f204898bf1b669c784ff2ad6a3d8b8ea9eda7fc63835f9e7ba5ef2b5c341137"
installed_at = "2026-05-05T16:03:00.906059349+00:00"
processkit_install_hash = "a136b8826582297ce0e710943b8abd93d18ec429dd4e5258399918653d346215"

[runtime_home]
generated_at = "2026-05-08T07:08:59.522634+00:00"

[runtime_home.files]
".asoundrc" = "f34609b11d315cd613cb5333b561032baec860faf4a7eccb28b5567ae72019af"
".config/cheatsheet.txt" = "169b2441b404e14b68627bbd2201d60df1c95689c9fa2a4ac031ed7758bf65c7"
".config/git/config" = "512a00e2c81ab1b9b7b8dce0777043cbdb6cd0030f0cabd4b6d99b93efc0b833"
".config/starship.toml" = "a705d1a3b5e4db0cedc260dd3d99c31b352101a5de963cded36a7025a75cb4fd"
".config/tmux/aibox-session.sh" = "6ee76e0e03883455a2c406bff797f4bca952d16d6b12a7028bfdd9beaf6f32a4"
".config/tmux/layouts/ai.sh" = "c160c4a2954efa8918a7de9f77b2e0c1452f08b975f9df1b6bfd0b3d85dfc03b"
".config/tmux/layouts/browse.sh" = "820b8a18cd8b73b72cff731a0137b0717d0f8df30b75cc059db327ac56915b55"
".config/tmux/layouts/cowork-swap.sh" = "059ca6262f92dbec829f99158b6798813b1b0dab82568016b5f3785c9df34e07"
".config/tmux/layouts/cowork.sh" = "f218e95b0cfdfd16516e6bc10b77aa35c145182d52d01f174cf275b9f3a1bb97"
".config/tmux/layouts/dev.sh" = "1f59aeed51822c846d704ad12271987f146a290889f10374a81e7c1c285d3af0"
".config/tmux/layouts/focus.sh" = "72d5880069dbbc90b57c984878dcd040d2a797c4063a1f40af802c8c36c6c45c"
".config/tmux/tmux.conf" = "8bfd5a8d9334a46a1d04fd89c10dabbe778319e3276df6413357580046329627"
".config/yazi/init.lua" = "eae04462c0b3bcbb486ee59aa9c2c9e9595680a0626997c942e5abb2ae5a48d7"
".config/yazi/keymap.toml" = "4b30c2dedd57dc1f08013401c3ccafec0dc5b811f1857f117e5fba7ec7def5f4"
".config/yazi/plugins/dir-preview.yazi/main.lua" = "69aa28981fd21c7e35fd97bc7d15a94d44eb234d40755027d086c6c1ec166dc1"
".config/yazi/plugins/eps.yazi/init.lua" = "edeaadeff1411fc9749eeae43c77754fd749db74790591ba75e9286ff36e94c5"
".config/yazi/plugins/git.yazi/main.lua" = "855f6bdf0ee33f503f575c2d75795c98ab1a9893c655940caf333d8fc87dc477"
".config/yazi/plugins/git.yazi/types.lua" = "16c54022dd327c35f533534f0b6995d800965e96d76f2e610b8b2fca0e5b4549"
".config/yazi/plugins/status-git.yazi/main.lua" = "bedc0ba5bf4ea01605b1b7cb444ee3a09b0a4ba35ce99306d974d5977a4d32d2"
".config/yazi/plugins/svg.yazi/init.lua" = "ba5e7ebbb9870eda80d7be179010494cac3896b4b29fb8f1011809e217ecc278"
".config/yazi/plugins/toggle-pane.yazi/main.lua" = "86b2306f6c9d880f0a6f777bdefb451393eb6a0c88718be355ebe31495e59f1c"
".config/yazi/theme.toml" = "fd9c3a060b2892779950e82e5a5716d238255c1739dbf33c42193a2c845349e7"
".config/yazi/yazi.toml" = "cdd99053efcb0f66baa4001900ce8291baf02499ea05651dfc27d1715382aed4"
".local/bin/aibox-preview" = "fa878a7f017ee574abcc72714373e0189465af0b7ebe38bfcc8036d5b7af2be2"
".local/bin/aibox-status-toggle" = "026c6a1dc7f1bcf650aa0bd4f587adfb5de6744df66fc138bef9b435bad1049a"
".local/bin/open-in-editor" = "2ca26f45529f32ad759c6e3030014e1a718f7adab461ce8755f556a42f125681"
".local/bin/pdf-watch" = "b6becd1df4a32ff27f5c93e514e6d31e5743f9282f40ce7290b8432207d85934"
".vim/vimrc" = "41156b58e9172281032dce56d13b860f652fecf81f3e2829e7f71cf9f92d15e8"
